
Microsoft Visual Studio Solution File, Format Version 12.00
# Visual Studio Version 16
VisualStudioVersion = 16.0.32106.194
MinimumVisualStudioVersion = 10.0.40219.1
Project("{FAE04EC0-301F-11D3-BF4B-00C04F79EFBC}") = "DB_Task1", "DB_Task1.csproj", "{3E86A1A1-DDE5-4063-8264-8D9B5DCC8575}"
EndProject
Global
	GlobalSection(SolutionConfigurationPlatforms) = preSolution
		Debug|Any CPU = Debug|Any CPU
		Release|Any CPU = Release|Any CPU
	EndGlobalSection
	GlobalSection(ProjectConfigurationPlatforms) = postSolution
		{3E86A1A1-DDE5-4063-8264-8D9B5DCC8575}.Debug|Any CPU.ActiveCfg = Debug|Any CPU
		{3E86A1A1-DDE5-4063-8264-8D9B5DCC8575}.Debug|Any CPU.Build.0 = Debug|Any CPU
		{3E86A1A1-DDE5-4063-8264-8D9B5DCC8575}.Release|Any CPU.ActiveCfg = Release|Any CPU
		{3E86A1A1-DDE5-4063-8264-8D9B5DCC8575}.Release|Any CPU.Build.0 = Release|Any CPU
	EndGlobalSection
	GlobalSection(SolutionProperties) = preSolution
		HideSolutionNode = FALSE
	EndGlobalSection
	GlobalSection(ExtensibilityGlobals) = postSolution
		SolutionGuid = {56109267-0F43-4F93-8834-9F6F2E504665}
	EndGlobalSection
EndGlobal
